// !$*UTF8*$!
{
	archiveVersion = 1;
	classes = {
	};
	objectVersion = 56;
	objects = {

/* Begin PBXBuildFile section */
		3E3BBE092BC111C7009F76E3 /* ParentCoordinatorDelegate.swift in Sources */ = {isa = PBXBuildFile; fileRef = 3E3BBE082BC111C7009F76E3 /* ParentCoordinatorDelegate.swift */; };
		3E3BBE0D2BC114C1009F76E3 /* AppCoordinator.swift in Sources */ = {isa = PBXBuildFile; fileRef = 3E3BBE0C2BC114C1009F76E3 /* AppCoordinator.swift */; };
		3E3BBE162BC117E9009F76E3 /* AppCoordinatorType.swift in Sources */ = {isa = PBXBuildFile; fileRef = 3E3BBE152BC117E9009F76E3 /* AppCoordinatorType.swift */; };
		3E3BBE1F2BC1186C009F76E3 /* AuthCoordinatorType.swift in Sources */ = {isa = PBXBuildFile; fileRef = 3E3BBE1E2BC1186C009F76E3 /* AuthCoordinatorType.swift */; };
		3E3BBE212BC11871009F76E3 /* AuthCoordinator.swift in Sources */ = {isa = PBXBuildFile; fileRef = 3E3BBE202BC11871009F76E3 /* AuthCoordinator.swift */; };
		3E3BBE232BC11878009F76E3 /* HomeCoordinatorType.swift in Sources */ = {isa = PBXBuildFile; fileRef = 3E3BBE222BC11878009F76E3 /* HomeCoordinatorType.swift */; };
		3E3BBE252BC11881009F76E3 /* HomeCoordinator.swift in Sources */ = {isa = PBXBuildFile; fileRef = 3E3BBE242BC11881009F76E3 /* HomeCoordinator.swift */; };
		3E3BBE272BC11890009F76E3 /* BakeryListCoordinatorType.swift in Sources */ = {isa = PBXBuildFile; fileRef = 3E3BBE262BC11890009F76E3 /* BakeryListCoordinatorType.swift */; };
		3E3BBE292BC11893009F76E3 /* BakeryListCoordinator.swift in Sources */ = {isa = PBXBuildFile; fileRef = 3E3BBE282BC11893009F76E3 /* BakeryListCoordinator.swift */; };
		3E3BBE2B2BC118A0009F76E3 /* MyPageCoordinatorType.swift in Sources */ = {isa = PBXBuildFile; fileRef = 3E3BBE2A2BC118A0009F76E3 /* MyPageCoordinatorType.swift */; };
		3E3BBE2D2BC118A2009F76E3 /* MyPageCoordinator.swift in Sources */ = {isa = PBXBuildFile; fileRef = 3E3BBE2C2BC118A2009F76E3 /* MyPageCoordinator.swift */; };
		3E3BBE2F2BC118AE009F76E3 /* FilterCoordinatorType.swift in Sources */ = {isa = PBXBuildFile; fileRef = 3E3BBE2E2BC118AE009F76E3 /* FilterCoordinatorType.swift */; };
		3E3BBE312BC118B1009F76E3 /* FilterCoordinator.swift in Sources */ = {isa = PBXBuildFile; fileRef = 3E3BBE302BC118B1009F76E3 /* FilterCoordinator.swift */; };
		3E3BBE332BC118BE009F76E3 /* BakeryDetailCoordinatorType.swift in Sources */ = {isa = PBXBuildFile; fileRef = 3E3BBE322BC118BE009F76E3 /* BakeryDetailCoordinatorType.swift */; };
		3E3BBE352BC118C1009F76E3 /* BakeryDetailCoordinator.swift in Sources */ = {isa = PBXBuildFile; fileRef = 3E3BBE342BC118C1009F76E3 /* BakeryDetailCoordinator.swift */; };
		3E3BBE372BC118CA009F76E3 /* SearchCoordinatorType.swift in Sources */ = {isa = PBXBuildFile; fileRef = 3E3BBE362BC118CA009F76E3 /* SearchCoordinatorType.swift */; };
		3E3BBE392BC118CD009F76E3 /* SearchCoordinator.swift in Sources */ = {isa = PBXBuildFile; fileRef = 3E3BBE382BC118CD009F76E3 /* SearchCoordinator.swift */; };
		3E67C9432BA85BB40018446D /* AppDelegate.swift in Sources */ = {isa = PBXBuildFile; fileRef = 3E67C9422BA85BB40018446D /* AppDelegate.swift */; };
		3E67C9452BA85BB40018446D /* SceneDelegate.swift in Sources */ = {isa = PBXBuildFile; fileRef = 3E67C9442BA85BB40018446D /* SceneDelegate.swift */; };
		3E67C9472BA85BB40018446D /* SomeViewController.swift in Sources */ = {isa = PBXBuildFile; fileRef = 3E67C9462BA85BB40018446D /* SomeViewController.swift */; };
		3E67C94C2BA85BB60018446D /* Assets.xcassets in Resources */ = {isa = PBXBuildFile; fileRef = 3E67C94B2BA85BB60018446D /* Assets.xcassets */; };
		3E67C94F2BA85BB60018446D /* Base in Resources */ = {isa = PBXBuildFile; fileRef = 3E67C94E2BA85BB60018446D /* Base */; };
		3E67C9692BA8674A0018446D /* CoordinatorType.swift in Sources */ = {isa = PBXBuildFile; fileRef = 3E67C9682BA8674A0018446D /* CoordinatorType.swift */; };
		3E67C96B2BA8675F0018446D /* CoordinatorFlowType.swift in Sources */ = {isa = PBXBuildFile; fileRef = 3E67C96A2BA8675F0018446D /* CoordinatorFlowType.swift */; };
		3E67C9702BA86D830018446D /* ViewControllerFactory.swift in Sources */ = {isa = PBXBuildFile; fileRef = 3E67C96F2BA86D830018446D /* ViewControllerFactory.swift */; };
		3E67C9722BA86DAA0018446D /* SomeCoordinator.swift in Sources */ = {isa = PBXBuildFile; fileRef = 3E67C9712BA86DAA0018446D /* SomeCoordinator.swift */; };
		3E67C9742BA888530018446D /* SomeViewModel.swift in Sources */ = {isa = PBXBuildFile; fileRef = 3E67C9732BA888530018446D /* SomeViewModel.swift */; };
		3E67C97B2BA88D760018446D /* SomeView.swift in Sources */ = {isa = PBXBuildFile; fileRef = 3E67C97A2BA88D760018446D /* SomeView.swift */; };
/* End PBXBuildFile section */

/* Begin PBXFileReference section */
		3E3BBE082BC111C7009F76E3 /* ParentCoordinatorDelegate.swift */ = {isa = PBXFileReference; lastKnownFileType = sourcecode.swift; path = ParentCoordinatorDelegate.swift; sourceTree = "<group>"; };
		3E3BBE0C2BC114C1009F76E3 /* AppCoordinator.swift */ = {isa = PBXFileReference; lastKnownFileType = sourcecode.swift; path = AppCoordinator.swift; sourceTree = "<group>"; };
		3E3BBE152BC117E9009F76E3 /* AppCoordinatorType.swift */ = {isa = PBXFileReference; lastKnownFileType = sourcecode.swift; path = AppCoordinatorType.swift; sourceTree = "<group>"; };
		3E3BBE1E2BC1186C009F76E3 /* AuthCoordinatorType.swift */ = {isa = PBXFileReference; lastKnownFileType = sourcecode.swift; path = AuthCoordinatorType.swift; sourceTree = "<group>"; };
		3E3BBE202BC11871009F76E3 /* AuthCoordinator.swift */ = {isa = PBXFileReference; lastKnownFileType = sourcecode.swift; path = AuthCoordinator.swift; sourceTree = "<group>"; };
		3E3BBE222BC11878009F76E3 /* HomeCoordinatorType.swift */ = {isa = PBXFileReference; lastKnownFileType = sourcecode.swift; path = HomeCoordinatorType.swift; sourceTree = "<group>"; };
		3E3BBE242BC11881009F76E3 /* HomeCoordinator.swift */ = {isa = PBXFileReference; lastKnownFileType = sourcecode.swift; path = HomeCoordinator.swift; sourceTree = "<group>"; };
		3E3BBE262BC11890009F76E3 /* BakeryListCoordinatorType.swift */ = {isa = PBXFileReference; lastKnownFileType = sourcecode.swift; path = BakeryListCoordinatorType.swift; sourceTree = "<group>"; };
		3E3BBE282BC11893009F76E3 /* BakeryListCoordinator.swift */ = {isa = PBXFileReference; lastKnownFileType = sourcecode.swift; path = BakeryListCoordinator.swift; sourceTree = "<group>"; };
		3E3BBE2A2BC118A0009F76E3 /* MyPageCoordinatorType.swift */ = {isa = PBXFileReference; lastKnownFileType = sourcecode.swift; path = MyPageCoordinatorType.swift; sourceTree = "<group>"; };
		3E3BBE2C2BC118A2009F76E3 /* MyPageCoordinator.swift */ = {isa = PBXFileReference; lastKnownFileType = sourcecode.swift; path = MyPageCoordinator.swift; sourceTree = "<group>"; };
		3E3BBE2E2BC118AE009F76E3 /* FilterCoordinatorType.swift */ = {isa = PBXFileReference; lastKnownFileType = sourcecode.swift; path = FilterCoordinatorType.swift; sourceTree = "<group>"; };
		3E3BBE302BC118B1009F76E3 /* FilterCoordinator.swift */ = {isa = PBXFileReference; lastKnownFileType = sourcecode.swift; path = FilterCoordinator.swift; sourceTree = "<group>"; };
		3E3BBE322BC118BE009F76E3 /* BakeryDetailCoordinatorType.swift */ = {isa = PBXFileReference; lastKnownFileType = sourcecode.swift; path = BakeryDetailCoordinatorType.swift; sourceTree = "<group>"; };
		3E3BBE342BC118C1009F76E3 /* BakeryDetailCoordinator.swift */ = {isa = PBXFileReference; lastKnownFileType = sourcecode.swift; path = BakeryDetailCoordinator.swift; sourceTree = "<group>"; };
		3E3BBE362BC118CA009F76E3 /* SearchCoordinatorType.swift */ = {isa = PBXFileReference; lastKnownFileType = sourcecode.swift; path = SearchCoordinatorType.swift; sourceTree = "<group>"; };
		3E3BBE382BC118CD009F76E3 /* SearchCoordinator.swift */ = {isa = PBXFileReference; lastKnownFileType = sourcecode.swift; path = SearchCoordinator.swift; sourceTree = "<group>"; };
		3E67C93F2BA85BB40018446D /* GeonPpangArchitectureSample.app */ = {isa = PBXFileReference; explicitFileType = wrapper.application; includeInIndex = 0; path = GeonPpangArchitectureSample.app; sourceTree = BUILT_PRODUCTS_DIR; };
		3E67C9422BA85BB40018446D /* AppDelegate.swift */ = {isa = PBXFileReference; lastKnownFileType = sourcecode.swift; path = AppDelegate.swift; sourceTree = "<group>"; };
		3E67C9442BA85BB40018446D /* SceneDelegate.swift */ = {isa = PBXFileReference; lastKnownFileType = sourcecode.swift; path = SceneDelegate.swift; sourceTree = "<group>"; };
		3E67C9462BA85BB40018446D /* SomeViewController.swift */ = {isa = PBXFileReference; lastKnownFileType = sourcecode.swift; path = SomeViewController.swift; sourceTree = "<group>"; };
		3E67C94B2BA85BB60018446D /* Assets.xcassets */ = {isa = PBXFileReference; lastKnownFileType = folder.assetcatalog; path = Assets.xcassets; sourceTree = "<group>"; };
		3E67C94E2BA85BB60018446D /* Base */ = {isa = PBXFileReference; lastKnownFileType = file.storyboard; name = Base; path = Base.lproj/LaunchScreen.storyboard; sourceTree = "<group>"; };
		3E67C9502BA85BB60018446D /* Info.plist */ = {isa = PBXFileReference; lastKnownFileType = text.plist.xml; path = Info.plist; sourceTree = "<group>"; };
		3E67C9682BA8674A0018446D /* CoordinatorType.swift */ = {isa = PBXFileReference; lastKnownFileType = sourcecode.swift; path = CoordinatorType.swift; sourceTree = "<group>"; };
		3E67C96A2BA8675F0018446D /* CoordinatorFlowType.swift */ = {isa = PBXFileReference; lastKnownFileType = sourcecode.swift; path = CoordinatorFlowType.swift; sourceTree = "<group>"; };
		3E67C96F2BA86D830018446D /* ViewControllerFactory.swift */ = {isa = PBXFileReference; lastKnownFileType = sourcecode.swift; path = ViewControllerFactory.swift; sourceTree = "<group>"; };
		3E67C9712BA86DAA0018446D /* SomeCoordinator.swift */ = {isa = PBXFileReference; lastKnownFileType = sourcecode.swift; path = SomeCoordinator.swift; sourceTree = "<group>"; };
		3E67C9732BA888530018446D /* SomeViewModel.swift */ = {isa = PBXFileReference; lastKnownFileType = sourcecode.swift; path = SomeViewModel.swift; sourceTree = "<group>"; };
		3E67C97A2BA88D760018446D /* SomeView.swift */ = {isa = PBXFileReference; lastKnownFileType = sourcecode.swift; path = SomeView.swift; sourceTree = "<group>"; };
/* End PBXFileReference section */

/* Begin PBXFrameworksBuildPhase section */
		3E67C93C2BA85BB40018446D /* Frameworks */ = {
			isa = PBXFrameworksBuildPhase;
			buildActionMask = 2147483647;
			files = (
			);
			runOnlyForDeploymentPostprocessing = 0;
		};
/* End PBXFrameworksBuildPhase section */

/* Begin PBXGroup section */
		3E3BBE0B2BC1135E009F76E3 /* Coordinator */ = {
			isa = PBXGroup;
			children = (
				3E3BBE1D2BC1185F009F76E3 /* Auth */,
				3E3BBE1A2BC1182B009F76E3 /* Home */,
				3E3BBE1B2BC11831009F76E3 /* BakeryList */,
				3E3BBE1C2BC1183E009F76E3 /* MyPage */,
				3E3BBE192BC11828009F76E3 /* Filter */,
				3E3BBE182BC11824009F76E3 /* BakeryDetail */,
				3E3BBE172BC1180F009F76E3 /* Search */,
			);
			path = Coordinator;
			sourceTree = "<group>";
		};
		3E3BBE142BC117D6009F76E3 /* AppCoordinator */ = {
			isa = PBXGroup;
			children = (
				3E3BBE152BC117E9009F76E3 /* AppCoordinatorType.swift */,
				3E3BBE0C2BC114C1009F76E3 /* AppCoordinator.swift */,
			);
			path = AppCoordinator;
			sourceTree = "<group>";
		};
		3E3BBE172BC1180F009F76E3 /* Search */ = {
			isa = PBXGroup;
			children = (
				3E3BBE362BC118CA009F76E3 /* SearchCoordinatorType.swift */,
				3E3BBE382BC118CD009F76E3 /* SearchCoordinator.swift */,
			);
			path = Search;
			sourceTree = "<group>";
		};
		3E3BBE182BC11824009F76E3 /* BakeryDetail */ = {
			isa = PBXGroup;
			children = (
				3E3BBE322BC118BE009F76E3 /* BakeryDetailCoordinatorType.swift */,
				3E3BBE342BC118C1009F76E3 /* BakeryDetailCoordinator.swift */,
			);
			path = BakeryDetail;
			sourceTree = "<group>";
		};
		3E3BBE192BC11828009F76E3 /* Filter */ = {
			isa = PBXGroup;
			children = (
				3E3BBE2E2BC118AE009F76E3 /* FilterCoordinatorType.swift */,
				3E3BBE302BC118B1009F76E3 /* FilterCoordinator.swift */,
			);
			path = Filter;
			sourceTree = "<group>";
		};
		3E3BBE1A2BC1182B009F76E3 /* Home */ = {
			isa = PBXGroup;
			children = (
				3E3BBE222BC11878009F76E3 /* HomeCoordinatorType.swift */,
				3E3BBE242BC11881009F76E3 /* HomeCoordinator.swift */,
			);
			path = Home;
			sourceTree = "<group>";
		};
		3E3BBE1B2BC11831009F76E3 /* BakeryList */ = {
			isa = PBXGroup;
			children = (
				3E3BBE262BC11890009F76E3 /* BakeryListCoordinatorType.swift */,
				3E3BBE282BC11893009F76E3 /* BakeryListCoordinator.swift */,
			);
			path = BakeryList;
			sourceTree = "<group>";
		};
		3E3BBE1C2BC1183E009F76E3 /* MyPage */ = {
			isa = PBXGroup;
			children = (
				3E3BBE2A2BC118A0009F76E3 /* MyPageCoordinatorType.swift */,
				3E3BBE2C2BC118A2009F76E3 /* MyPageCoordinator.swift */,
			);
			path = MyPage;
			sourceTree = "<group>";
		};
		3E3BBE1D2BC1185F009F76E3 /* Auth */ = {
			isa = PBXGroup;
			children = (
				3E3BBE1E2BC1186C009F76E3 /* AuthCoordinatorType.swift */,
				3E3BBE202BC11871009F76E3 /* AuthCoordinator.swift */,
			);
			path = Auth;
			sourceTree = "<group>";
		};
		3E67C9362BA85BB40018446D = {
			isa = PBXGroup;
			children = (
				3E67C9412BA85BB40018446D /* GeonPpangArchitectureSample */,
				3E67C9402BA85BB40018446D /* Products */,
			);
			sourceTree = "<group>";
		};
		3E67C9402BA85BB40018446D /* Products */ = {
			isa = PBXGroup;
			children = (
				3E67C93F2BA85BB40018446D /* GeonPpangArchitectureSample.app */,
			);
			name = Products;
			sourceTree = "<group>";
		};
		3E67C9412BA85BB40018446D /* GeonPpangArchitectureSample */ = {
			isa = PBXGroup;
			children = (
				3E67C95C2BA85CCE0018446D /* Application */,
				3E67C95A2BA85CC40018446D /* Presentation */,
				3E67C9592BA85CC00018446D /* Domain */,
				3E67C9582BA85CBD0018446D /* Data */,
				3E67C95B2BA85CC80018446D /* Core */,
				3E67C94B2BA85BB60018446D /* Assets.xcassets */,
				3E67C94D2BA85BB60018446D /* LaunchScreen.storyboard */,
			);
			path = GeonPpangArchitectureSample;
			sourceTree = "<group>";
		};
		3E67C9582BA85CBD0018446D /* Data */ = {
			isa = PBXGroup;
			children = (
				3E67C9642BA85D190018446D /* Network */,
			);
			path = Data;
			sourceTree = "<group>";
		};
		3E67C9592BA85CC00018446D /* Domain */ = {
			isa = PBXGroup;
			children = (
				3E67C9632BA85D170018446D /* UseCase */,
				3E67C9622BA85D130018446D /* Entity */,
			);
			path = Domain;
			sourceTree = "<group>";
		};
		3E67C95A2BA85CC40018446D /* Presentation */ = {
			isa = PBXGroup;
			children = (
				3E67C9652BA866EB0018446D /* Common */,
				3E3BBE0B2BC1135E009F76E3 /* Coordinator */,
				3E67C95D2BA85CE30018446D /* Scene */,
				3E67C9752BA88CDE0018446D /* OtherScene */,
			);
			path = Presentation;
			sourceTree = "<group>";
		};
		3E67C95B2BA85CC80018446D /* Core */ = {
			isa = PBXGroup;
			children = (
			);
			path = Core;
			sourceTree = "<group>";
		};
		3E67C95C2BA85CCE0018446D /* Application */ = {
			isa = PBXGroup;
			children = (
				3E67C9502BA85BB60018446D /* Info.plist */,
				3E67C9422BA85BB40018446D /* AppDelegate.swift */,
				3E67C9442BA85BB40018446D /* SceneDelegate.swift */,
				3E3BBE142BC117D6009F76E3 /* AppCoordinator */,
			);
			path = Application;
			sourceTree = "<group>";
		};
		3E67C95D2BA85CE30018446D /* Scene */ = {
			isa = PBXGroup;
			children = (
				3E67C9612BA85D040018446D /* Coordinator */,
				3E67C9602BA85D000018446D /* ViewController */,
				3E67C95F2BA85CFB0018446D /* ViewModel */,
				3E67C95E2BA85CF40018446D /* View */,
			);
			path = Scene;
			sourceTree = "<group>";
		};
		3E67C95E2BA85CF40018446D /* View */ = {
			isa = PBXGroup;
			children = (
				3E67C97A2BA88D760018446D /* SomeView.swift */,
			);
			path = View;
			sourceTree = "<group>";
		};
		3E67C95F2BA85CFB0018446D /* ViewModel */ = {
			isa = PBXGroup;
			children = (
				3E67C9732BA888530018446D /* SomeViewModel.swift */,
			);
			path = ViewModel;
			sourceTree = "<group>";
		};
		3E67C9602BA85D000018446D /* ViewController */ = {
			isa = PBXGroup;
			children = (
				3E67C9462BA85BB40018446D /* SomeViewController.swift */,
			);
			path = ViewController;
			sourceTree = "<group>";
		};
		3E67C9612BA85D040018446D /* Coordinator */ = {
			isa = PBXGroup;
			children = (
				3E67C9712BA86DAA0018446D /* SomeCoordinator.swift */,
			);
			path = Coordinator;
			sourceTree = "<group>";
		};
		3E67C9622BA85D130018446D /* Entity */ = {
			isa = PBXGroup;
			children = (
			);
			path = Entity;
			sourceTree = "<group>";
		};
		3E67C9632BA85D170018446D /* UseCase */ = {
			isa = PBXGroup;
			children = (
			);
			path = UseCase;
			sourceTree = "<group>";
		};
		3E67C9642BA85D190018446D /* Network */ = {
			isa = PBXGroup;
			children = (
			);
			path = Network;
			sourceTree = "<group>";
		};
		3E67C9652BA866EB0018446D /* Common */ = {
			isa = PBXGroup;
			children = (
				3E67C9672BA867350018446D /* Coordinator */,
				3E67C9662BA867280018446D /* Factory */,
			);
			path = Common;
			sourceTree = "<group>";
		};
		3E67C9662BA867280018446D /* Factory */ = {
			isa = PBXGroup;
			children = (
				3E67C96F2BA86D830018446D /* ViewControllerFactory.swift */,
			);
			path = Factory;
			sourceTree = "<group>";
		};
		3E67C9672BA867350018446D /* Coordinator */ = {
			isa = PBXGroup;
			children = (
				3E67C9682BA8674A0018446D /* CoordinatorType.swift */,
				3E67C96A2BA8675F0018446D /* CoordinatorFlowType.swift */,
				3E3BBE082BC111C7009F76E3 /* ParentCoordinatorDelegate.swift */,
			);
			path = Coordinator;
			sourceTree = "<group>";
		};
		3E67C9752BA88CDE0018446D /* OtherScene */ = {
			isa = PBXGroup;
			children = (
				3E67C9792BA88CF60018446D /* Coordinator */,
				3E67C9782BA88CF30018446D /* ViewController */,
				3E67C9772BA88CF10018446D /* ViewModel */,
				3E67C9762BA88CEF0018446D /* View */,
			);
			path = OtherScene;
			sourceTree = "<group>";
		};
		3E67C9762BA88CEF0018446D /* View */ = {
			isa = PBXGroup;
			children = (
			);
			path = View;
			sourceTree = "<group>";
		};
		3E67C9772BA88CF10018446D /* ViewModel */ = {
			isa = PBXGroup;
			children = (
			);
			path = ViewModel;
			sourceTree = "<group>";
		};
		3E67C9782BA88CF30018446D /* ViewController */ = {
			isa = PBXGroup;
			children = (
			);
			path = ViewController;
			sourceTree = "<group>";
		};
		3E67C9792BA88CF60018446D /* Coordinator */ = {
			isa = PBXGroup;
			children = (
			);
			path = Coordinator;
			sourceTree = "<group>";
		};
/* End PBXGroup section */

/* Begin PBXNativeTarget section */
		3E67C93E2BA85BB40018446D /* GeonPpangArchitectureSample */ = {
			isa = PBXNativeTarget;
			buildConfigurationList = 3E67C9532BA85BB60018446D /* Build configuration list for PBXNativeTarget "GeonPpangArchitectureSample" */;
			buildPhases = (
				3E67C93B2BA85BB40018446D /* Sources */,
				3E67C93C2BA85BB40018446D /* Frameworks */,
				3E67C93D2BA85BB40018446D /* Resources */,
			);
			buildRules = (
			);
			dependencies = (
			);
			name = GeonPpangArchitectureSample;
			productName = GeonPpangArchitectureSample;
			productReference = 3E67C93F2BA85BB40018446D /* GeonPpangArchitectureSample.app */;
			productType = "com.apple.product-type.application";
		};
/* End PBXNativeTarget section */

/* Begin PBXProject section */
		3E67C9372BA85BB40018446D /* Project object */ = {
			isa = PBXProject;
			attributes = {
				BuildIndependentTargetsInParallel = 1;
				LastSwiftUpdateCheck = 1530;
				LastUpgradeCheck = 1530;
				TargetAttributes = {
					3E67C93E2BA85BB40018446D = {
						CreatedOnToolsVersion = 15.3;
					};
				};
			};
			buildConfigurationList = 3E67C93A2BA85BB40018446D /* Build configuration list for PBXProject "GeonPpangArchitectureSample" */;
			compatibilityVersion = "Xcode 14.0";
			developmentRegion = en;
			hasScannedForEncodings = 0;
			knownRegions = (
				en,
				Base,
			);
			mainGroup = 3E67C9362BA85BB40018446D;
			productRefGroup = 3E67C9402BA85BB40018446D /* Products */;
			projectDirPath = "";
			projectRoot = "";
			targets = (
				3E67C93E2BA85BB40018446D /* GeonPpangArchitectureSample */,
			);
		};
/* End PBXProject section */

/* Begin PBXResourcesBuildPhase section */
		3E67C93D2BA85BB40018446D /* Resources */ = {
			isa = PBXResourcesBuildPhase;
			buildActionMask = 2147483647;
			files = (
				3E67C94C2BA85BB60018446D /* Assets.xcassets in Resources */,
				3E67C94F2BA85BB60018446D /* Base in Resources */,
			);
			runOnlyForDeploymentPostprocessing = 0;
		};
/* End PBXResourcesBuildPhase section */

/* Begin PBXSourcesBuildPhase section */
		3E67C93B2BA85BB40018446D /* Sources */ = {
			isa = PBXSourcesBuildPhase;
			buildActionMask = 2147483647;
			files = (
				3E3BBE0D2BC114C1009F76E3 /* AppCoordinator.swift in Sources */,
				3E67C9722BA86DAA0018446D /* SomeCoordinator.swift in Sources */,
				3E3BBE1F2BC1186C009F76E3 /* AuthCoordinatorType.swift in Sources */,
				3E67C9692BA8674A0018446D /* CoordinatorType.swift in Sources */,
				3E3BBE212BC11871009F76E3 /* AuthCoordinator.swift in Sources */,
				3E3BBE2B2BC118A0009F76E3 /* MyPageCoordinatorType.swift in Sources */,
				3E3BBE312BC118B1009F76E3 /* FilterCoordinator.swift in Sources */,
				3E67C9742BA888530018446D /* SomeViewModel.swift in Sources */,
				3E3BBE292BC11893009F76E3 /* BakeryListCoordinator.swift in Sources */,
				3E3BBE092BC111C7009F76E3 /* ParentCoordinatorDelegate.swift in Sources */,
				3E67C9472BA85BB40018446D /* SomeViewController.swift in Sources */,
				3E67C97B2BA88D760018446D /* SomeView.swift in Sources */,
				3E67C9702BA86D830018446D /* ViewControllerFactory.swift in Sources */,
				3E3BBE372BC118CA009F76E3 /* SearchCoordinatorType.swift in Sources */,
				3E3BBE392BC118CD009F76E3 /* SearchCoordinator.swift in Sources */,
				3E67C9432BA85BB40018446D /* AppDelegate.swift in Sources */,
				3E67C9452BA85BB40018446D /* SceneDelegate.swift in Sources */,
				3E3BBE332BC118BE009F76E3 /* BakeryDetailCoordinatorType.swift in Sources */,
				3E3BBE162BC117E9009F76E3 /* AppCoordinatorType.swift in Sources */,
				3E3BBE252BC11881009F76E3 /* HomeCoordinator.swift in Sources */,
				3E3BBE2F2BC118AE009F76E3 /* FilterCoordinatorType.swift in Sources */,
				3E67C96B2BA8675F0018446D /* CoordinatorFlowType.swift in Sources */,
				3E3BBE2D2BC118A2009F76E3 /* MyPageCoordinator.swift in Sources */,
				3E3BBE352BC118C1009F76E3 /* BakeryDetailCoordinator.swift in Sources */,
				3E3BBE272BC11890009F76E3 /* BakeryListCoordinatorType.swift in Sources */,
				3E3BBE232BC11878009F76E3 /* HomeCoordinatorType.swift in Sources */,
			);
			runOnlyForDeploymentPostprocessing = 0;
		};
/* End PBXSourcesBuildPhase section */

/* Begin PBXVariantGroup section */
		3E67C94D2BA85BB60018446D /* LaunchScreen.storyboard */ = {
			isa = PBXVariantGroup;
			children = (
				3E67C94E2BA85BB60018446D /* Base */,
			);
			name = LaunchScreen.storyboard;
			sourceTree = "<group>";
		};
/* End PBXVariantGroup section */

/* Begin XCBuildConfiguration section */
		3E67C9512BA85BB60018446D /* Debug */ = {
			isa = XCBuildConfiguration;
			buildSettings = {
				ALWAYS_SEARCH_USER_PATHS = NO;
				ASSETCATALOG_COMPILER_GENERATE_SWIFT_ASSET_SYMBOL_EXTENSIONS = YES;
				CLANG_ANALYZER_NONNULL = YES;
				CLANG_ANALYZER_NUMBER_OBJECT_CONVERSION = YES_AGGRESSIVE;
				CLANG_CXX_LANGUAGE_STANDARD = "gnu++20";
				CLANG_ENABLE_MODULES = YES;
				CLANG_ENABLE_OBJC_ARC = YES;
				CLANG_ENABLE_OBJC_WEAK = YES;
				CLANG_WARN_BLOCK_CAPTURE_AUTORELEASING = YES;
				CLANG_WARN_BOOL_CONVERSION = YES;
				CLANG_WARN_COMMA = YES;
				CLANG_WARN_CONSTANT_CONVERSION = YES;
				CLANG_WARN_DEPRECATED_OBJC_IMPLEMENTATIONS = YES;
				CLANG_WARN_DIRECT_OBJC_ISA_USAGE = YES_ERROR;
				CLANG_WARN_DOCUMENTATION_COMMENTS = YES;
				CLANG_WARN_EMPTY_BODY = YES;
				CLANG_WARN_ENUM_CONVERSION = YES;
				CLANG_WARN_INFINITE_RECURSION = YES;
				CLANG_WARN_INT_CONVERSION = YES;
				CLANG_WARN_NON_LITERAL_NULL_CONVERSION = YES;
				CLANG_WARN_OBJC_IMPLICIT_RETAIN_SELF = YES;
				CLANG_WARN_OBJC_LITERAL_CONVERSION = YES;
				CLANG_WARN_OBJC_ROOT_CLASS = YES_ERROR;
				CLANG_WARN_QUOTED_INCLUDE_IN_FRAMEWORK_HEADER = YES;
				CLANG_WARN_RANGE_LOOP_ANALYSIS = YES;
				CLANG_WARN_STRICT_PROTOTYPES = YES;
				CLANG_WARN_SUSPICIOUS_MOVE = YES;
				CLANG_WARN_UNGUARDED_AVAILABILITY = YES_AGGRESSIVE;
				CLANG_WARN_UNREACHABLE_CODE = YES;
				CLANG_WARN__DUPLICATE_METHOD_MATCH = YES;
				COPY_PHASE_STRIP = NO;
				DEBUG_INFORMATION_FORMAT = dwarf;
				ENABLE_STRICT_OBJC_MSGSEND = YES;
				ENABLE_TESTABILITY = YES;
				ENABLE_USER_SCRIPT_SANDBOXING = YES;
				GCC_C_LANGUAGE_STANDARD = gnu17;
				GCC_DYNAMIC_NO_PIC = NO;
				GCC_NO_COMMON_BLOCKS = YES;
				GCC_OPTIMIZATION_LEVEL = 0;
				GCC_PREPROCESSOR_DEFINITIONS = (
					"DEBUG=1",
					"$(inherited)",
				);
				GCC_WARN_64_TO_32_BIT_CONVERSION = YES;
				GCC_WARN_ABOUT_RETURN_TYPE = YES_ERROR;
				GCC_WARN_UNDECLARED_SELECTOR = YES;
				GCC_WARN_UNINITIALIZED_AUTOS = YES_AGGRESSIVE;
				GCC_WARN_UNUSED_FUNCTION = YES;
				GCC_WARN_UNUSED_VARIABLE = YES;
				IPHONEOS_DEPLOYMENT_TARGET = 17.4;
				LOCALIZATION_PREFERS_STRING_CATALOGS = YES;
				MTL_ENABLE_DEBUG_INFO = INCLUDE_SOURCE;
				MTL_FAST_MATH = YES;
				ONLY_ACTIVE_ARCH = YES;
				SDKROOT = iphoneos;
				SWIFT_ACTIVE_COMPILATION_CONDITIONS = "DEBUG $(inherited)";
				SWIFT_OPTIMIZATION_LEVEL = "-Onone";
			};
			name = Debug;
		};
		3E67C9522BA85BB60018446D /* Release */ = {
			isa = XCBuildConfiguration;
			buildSettings = {
				ALWAYS_SEARCH_USER_PATHS = NO;
				ASSETCATALOG_COMPILER_GENERATE_SWIFT_ASSET_SYMBOL_EXTENSIONS = YES;
				CLANG_ANALYZER_NONNULL = YES;
				CLANG_ANALYZER_NUMBER_OBJECT_CONVERSION = YES_AGGRESSIVE;
				CLANG_CXX_LANGUAGE_STANDARD = "gnu++20";
				CLANG_ENABLE_MODULES = YES;
				CLANG_ENABLE_OBJC_ARC = YES;
				CLANG_ENABLE_OBJC_WEAK = YES;
				CLANG_WARN_BLOCK_CAPTURE_AUTORELEASING = YES;
				CLANG_WARN_BOOL_CONVERSION = YES;
				CLANG_WARN_COMMA = YES;
				CLANG_WARN_CONSTANT_CONVERSION = YES;
				CLANG_WARN_DEPRECATED_OBJC_IMPLEMENTATIONS = YES;
				CLANG_WARN_DIRECT_OBJC_ISA_USAGE = YES_ERROR;
				CLANG_WARN_DOCUMENTATION_COMMENTS = YES;
				CLANG_WARN_EMPTY_BODY = YES;
				CLANG_WARN_ENUM_CONVERSION = YES;
				CLANG_WARN_INFINITE_RECURSION = YES;
				CLANG_WARN_INT_CONVERSION = YES;
				CLANG_WARN_NON_LITERAL_NULL_CONVERSION = YES;
				CLANG_WARN_OBJC_IMPLICIT_RETAIN_SELF = YES;
				CLANG_WARN_OBJC_LITERAL_CONVERSION = YES;
				CLANG_WARN_OBJC_ROOT_CLASS = YES_ERROR;
				CLANG_WARN_QUOTED_INCLUDE_IN_FRAMEWORK_HEADER = YES;
				CLANG_WARN_RANGE_LOOP_ANALYSIS = YES;
				CLANG_WARN_STRICT_PROTOTYPES = YES;
				CLANG_WARN_SUSPICIOUS_MOVE = YES;
				CLANG_WARN_UNGUARDED_AVAILABILITY = YES_AGGRESSIVE;
				CLANG_WARN_UNREACHABLE_CODE = YES;
				CLANG_WARN__DUPLICATE_METHOD_MATCH = YES;
				COPY_PHASE_STRIP = NO;
				DEBUG_INFORMATION_FORMAT = "dwarf-with-dsym";
				ENABLE_NS_ASSERTIONS = NO;
				ENABLE_STRICT_OBJC_MSGSEND = YES;
				ENABLE_USER_SCRIPT_SANDBOXING = YES;
				GCC_C_LANGUAGE_STANDARD = gnu17;
				GCC_NO_COMMON_BLOCKS = YES;
				GCC_WARN_64_TO_32_BIT_CONVERSION = YES;
				GCC_WARN_ABOUT_RETURN_TYPE = YES_ERROR;
				GCC_WARN_UNDECLARED_SELECTOR = YES;
				GCC_WARN_UNINITIALIZED_AUTOS = YES_AGGRESSIVE;
				GCC_WARN_UNUSED_FUNCTION = YES;
				GCC_WARN_UNUSED_VARIABLE = YES;
				IPHONEOS_DEPLOYMENT_TARGET = 17.4;
				LOCALIZATION_PREFERS_STRING_CATALOGS = YES;
				MTL_ENABLE_DEBUG_INFO = NO;
				MTL_FAST_MATH = YES;
				SDKROOT = iphoneos;
				SWIFT_COMPILATION_MODE = wholemodule;
				VALIDATE_PRODUCT = YES;
			};
			name = Release;
		};
		3E67C9542BA85BB60018446D /* Debug */ = {
			isa = XCBuildConfiguration;
			buildSettings = {
				ASSETCATALOG_COMPILER_APPICON_NAME = AppIcon;
				ASSETCATALOG_COMPILER_GLOBAL_ACCENT_COLOR_NAME = AccentColor;
				CODE_SIGN_STYLE = Automatic;
				CURRENT_PROJECT_VERSION = 1;
				DEVELOPMENT_TEAM = S9G6YGQ76H;
				GENERATE_INFOPLIST_FILE = YES;
				INFOPLIST_FILE = GeonPpangArchitectureSample/Application/Info.plist;
				INFOPLIST_KEY_UIApplicationSupportsIndirectInputEvents = YES;
				INFOPLIST_KEY_UILaunchStoryboardName = LaunchScreen;
				INFOPLIST_KEY_UISupportedInterfaceOrientations_iPad = "UIInterfaceOrientationPortrait UIInterfaceOrientationPortraitUpsideDown UIInterfaceOrientationLandscapeLeft UIInterfaceOrientationLandscapeRight";
				INFOPLIST_KEY_UISupportedInterfaceOrientations_iPhone = "UIInterfaceOrientationPortrait UIInterfaceOrientationLandscapeLeft UIInterfaceOrientationLandscapeRight";
				IPHONEOS_DEPLOYMENT_TARGET = 16.0;
				LD_RUNPATH_SEARCH_PATHS = (
					"$(inherited)",
					"@executable_path/Frameworks",
				);
				MARKETING_VERSION = 1.0;
				PRODUCT_BUNDLE_IDENTIFIER = "com-id.GeonPpangArchitectureSample";
				PRODUCT_NAME = "$(TARGET_NAME)";
				SWIFT_EMIT_LOC_STRINGS = YES;
				SWIFT_VERSION = 5.0;
				TARGETED_DEVICE_FAMILY = "1,2";
			};
			name = Debug;
		};
		3E67C9552BA85BB60018446D /* Release */ = {
			isa = XCBuildConfiguration;
			buildSettings = {
				ASSETCATALOG_COMPILER_APPICON_NAME = AppIcon;
				ASSETCATALOG_COMPILER_GLOBAL_ACCENT_COLOR_NAME = AccentColor;
				CODE_SIGN_STYLE = Automatic;
				CURRENT_PROJECT_VERSION = 1;
				DEVELOPMENT_TEAM = S9G6YGQ76H;
				GENERATE_INFOPLIST_FILE = YES;
				INFOPLIST_FILE = GeonPpangArchitectureSample/Application/Info.plist;
				INFOPLIST_KEY_UIApplicationSupportsIndirectInputEvents = YES;
				INFOPLIST_KEY_UILaunchStoryboardName = LaunchScreen;
				INFOPLIST_KEY_UISupportedInterfaceOrientations_iPad = "UIInterfaceOrientationPortrait UIInterfaceOrientationPortraitUpsideDown UIInterfaceOrientationLandscapeLeft UIInterfaceOrientationLandscapeRight";
				INFOPLIST_KEY_UISupportedInterfaceOrientations_iPhone = "UIInterfaceOrientationPortrait UIInterfaceOrientationLandscapeLeft UIInterfaceOrientationLandscapeRight";
				IPHONEOS_DEPLOYMENT_TARGET = 16.0;
				LD_RUNPATH_SEARCH_PATHS = (
					"$(inherited)",
					"@executable_path/Frameworks",
				);
				MARKETING_VERSION = 1.0;
				PRODUCT_BUNDLE_IDENTIFIER = "com-id.GeonPpangArchitectureSample";
				PRODUCT_NAME = "$(TARGET_NAME)";
				SWIFT_EMIT_LOC_STRINGS = YES;
				SWIFT_VERSION = 5.0;
				TARGETED_DEVICE_FAMILY = "1,2";
			};
			name = Release;
		};
/* End XCBuildConfiguration section */

/* Begin XCConfigurationList section */
		3E67C93A2BA85BB40018446D /* Build configuration list for PBXProject "GeonPpangArchitectureSample" */ = {
			isa = XCConfigurationList;
			buildConfigurations = (
				3E67C9512BA85BB60018446D /* Debug */,
				3E67C9522BA85BB60018446D /* Release */,
			);
			defaultConfigurationIsVisible = 0;
			defaultConfigurationName = Release;
		};
		3E67C9532BA85BB60018446D /* Build configuration list for PBXNativeTarget "GeonPpangArchitectureSample" */ = {
			isa = XCConfigurationList;
			buildConfigurations = (
				3E67C9542BA85BB60018446D /* Debug */,
				3E67C9552BA85BB60018446D /* Release */,
			);
			defaultConfigurationIsVisible = 0;
			defaultConfigurationName = Release;
		};
/* End XCConfigurationList section */
	};
	rootObject = 3E67C9372BA85BB40018446D /* Project object */;
}
